// !$*UTF8*$!
{
	archiveVersion = 1;
	classes = {
	};
	objectVersion = 51;
	objects = {

/* Begin PBXBuildFile section */
		2D1154AF24100FC500499AEB /* AppDelegate.swift in Sources */ = {isa = PBXBuildFile; fileRef = 2D1154AE24100FC500499AEB /* AppDelegate.swift */; };
		2D1154B124100FC500499AEB /* SceneDelegate.swift in Sources */ = {isa = PBXBuildFile; fileRef = 2D1154B024100FC500499AEB /* SceneDelegate.swift */; };
		2D1154B324100FC500499AEB /* ViewController.swift in Sources */ = {isa = PBXBuildFile; fileRef = 2D1154B224100FC500499AEB /* ViewController.swift */; };
		2D1154B624100FC500499AEB /* Main.storyboard in Resources */ = {isa = PBXBuildFile; fileRef = 2D1154B424100FC500499AEB /* Main.storyboard */; };
		2D1154B924100FC500499AEB /* Project.xcdatamodeld in Sources */ = {isa = PBXBuildFile; fileRef = 2D1154B724100FC500499AEB /* Project.xcdatamodeld */; };
		2D1154BB24100FC600499AEB /* Assets.xcassets in Resources */ = {isa = PBXBuildFile; fileRef = 2D1154BA24100FC600499AEB /* Assets.xcassets */; };
		2D1154BE24100FC600499AEB /* LaunchScreen.storyboard in Resources */ = {isa = PBXBuildFile; fileRef = 2D1154BC24100FC600499AEB /* LaunchScreen.storyboard */; };
		2D1154EE2410106200499AEB /* GeneralService.swift in Sources */ = {isa = PBXBuildFile; fileRef = 2D1154C62410106200499AEB /* GeneralService.swift */; };
		2D1154EF2410106200499AEB /* UIView+extension.swift in Sources */ = {isa = PBXBuildFile; fileRef = 2D1154C82410106200499AEB /* UIView+extension.swift */; };
		2D1154F02410106200499AEB /* ArcView.swift in Sources */ = {isa = PBXBuildFile; fileRef = 2D1154C92410106200499AEB /* ArcView.swift */; };
		2D1154F12410106200499AEB /* UIColor+hexadecimal.swift in Sources */ = {isa = PBXBuildFile; fileRef = 2D1154CA2410106200499AEB /* UIColor+hexadecimal.swift */; };
		2D1154F22410106200499AEB /* UITextView+Attributes.swift in Sources */ = {isa = PBXBuildFile; fileRef = 2D1154CB2410106200499AEB /* UITextView+Attributes.swift */; };
		2D1154F42410106200499AEB /* HiddenBarViewController.swift in Sources */ = {isa = PBXBuildFile; fileRef = 2D1154CE2410106200499AEB /* HiddenBarViewController.swift */; };
		2D1154F52410106200499AEB /* Config.swift in Sources */ = {isa = PBXBuildFile; fileRef = 2D1154D02410106200499AEB /* Config.swift */; };
		2D1154F62410106200499AEB /* HomeViewController.swift in Sources */ = {isa = PBXBuildFile; fileRef = 2D1154D52410106200499AEB /* HomeViewController.swift */; };
		2D1154F72410106200499AEB /* ParckCollectionViewCell.swift in Sources */ = {isa = PBXBuildFile; fileRef = 2D1154D62410106200499AEB /* ParckCollectionViewCell.swift */; };
		2D1154F82410106200499AEB /* ParckCollectionViewCell.xib in Resources */ = {isa = PBXBuildFile; fileRef = 2D1154D72410106200499AEB /* ParckCollectionViewCell.xib */; };
		2D1154FA2410106200499AEB /* DetailViewController.swift in Sources */ = {isa = PBXBuildFile; fileRef = 2D1154DA2410106200499AEB /* DetailViewController.swift */; };
		2D1154FB2410106200499AEB /* AboutParkViewController.swift in Sources */ = {isa = PBXBuildFile; fileRef = 2D1154DC2410106200499AEB /* AboutParkViewController.swift */; };
		2D1154FD2410106200499AEB /* AboutParkViewController+Constraints.swift in Sources */ = {isa = PBXBuildFile; fileRef = 2D1154DE2410106200499AEB /* AboutParkViewController+Constraints.swift */; };
		2D1154FE2410106200499AEB /* DetailViewController+Constraints.swift in Sources */ = {isa = PBXBuildFile; fileRef = 2D1154DF2410106200499AEB /* DetailViewController+Constraints.swift */; };
		2D1154FF2410106200499AEB /* LikesViewController.swift in Sources */ = {isa = PBXBuildFile; fileRef = 2D1154E12410106200499AEB /* LikesViewController.swift */; };
		2D1155012410106200499AEB /* SearchViewController.swift in Sources */ = {isa = PBXBuildFile; fileRef = 2D1154E72410106200499AEB /* SearchViewController.swift */; };
		2D1155022410106200499AEB /* ProfileViewController.swift in Sources */ = {isa = PBXBuildFile; fileRef = 2D1154E92410106200499AEB /* ProfileViewController.swift */; };
		2D1155032410106200499AEB /* CategoryModel.swift in Sources */ = {isa = PBXBuildFile; fileRef = 2D1154EB2410106200499AEB /* CategoryModel.swift */; };
		2D1155042410106200499AEB /* ParkModel.swift in Sources */ = {isa = PBXBuildFile; fileRef = 2D1154EC2410106200499AEB /* ParkModel.swift */; };
		2D1155052410106200499AEB /* ActivityModel.swift in Sources */ = {isa = PBXBuildFile; fileRef = 2D1154ED2410106200499AEB /* ActivityModel.swift */; };
		2DFA87C624101CB800200D05 /* Button.swift in Sources */ = {isa = PBXBuildFile; fileRef = 2DFA87C524101CB800200D05 /* Button.swift */; };
		2DFA87CD241032A300200D05 /* GenericRoundCollectionView.swift in Sources */ = {isa = PBXBuildFile; fileRef = 2DFA87CB241032A300200D05 /* GenericRoundCollectionView.swift */; };
		2DFA87CE241032A300200D05 /* GenericRoundCollectionView.xib in Resources */ = {isa = PBXBuildFile; fileRef = 2DFA87CC241032A300200D05 /* GenericRoundCollectionView.xib */; };
		2DFA87D12410357B00200D05 /* GenericCollectionViewCell.xib in Resources */ = {isa = PBXBuildFile; fileRef = 2DFA87CF2410357B00200D05 /* GenericCollectionViewCell.xib */; };
		2DFA87D22410357B00200D05 /* GenericCollectionViewCell.swift in Sources */ = {isa = PBXBuildFile; fileRef = 2DFA87D02410357B00200D05 /* GenericCollectionViewCell.swift */; };
		2DFA87D4241036EF00200D05 /* GenericScrollViewController.swift in Sources */ = {isa = PBXBuildFile; fileRef = 2DFA87D3241036EE00200D05 /* GenericScrollViewController.swift */; };
		2DFA87DB2410393F00200D05 /* SemiOvalGenericCollectionViewCell.xib in Resources */ = {isa = PBXBuildFile; fileRef = 2DFA87D72410393E00200D05 /* SemiOvalGenericCollectionViewCell.xib */; };
		2DFA87DC2410393F00200D05 /* SemiOvalGenericCollectionView.swift in Sources */ = {isa = PBXBuildFile; fileRef = 2DFA87D82410393E00200D05 /* SemiOvalGenericCollectionView.swift */; };
		2DFA87DD2410393F00200D05 /* SemiOvalGenericCollectionView.xib in Resources */ = {isa = PBXBuildFile; fileRef = 2DFA87D92410393E00200D05 /* SemiOvalGenericCollectionView.xib */; };
		2DFA87DE2410393F00200D05 /* SemiOvalGenericCollectionViewCell.swift in Sources */ = {isa = PBXBuildFile; fileRef = 2DFA87DA2410393E00200D05 /* SemiOvalGenericCollectionViewCell.swift */; };
		388032EA62A1B2461C5B6448 /* Pods_Project.framework in Frameworks */ = {isa = PBXBuildFile; fileRef = 9948FFE5FE91A8A1DE6C0BD1 /* Pods_Project.framework */; };
/* End PBXBuildFile section */

/* Begin PBXFileReference section */
		2D1154AB24100FC500499AEB /* Project.app */ = {isa = PBXFileReference; explicitFileType = wrapper.application; includeInIndex = 0; path = Project.app; sourceTree = BUILT_PRODUCTS_DIR; };
		2D1154AE24100FC500499AEB /* AppDelegate.swift */ = {isa = PBXFileReference; lastKnownFileType = sourcecode.swift; path = AppDelegate.swift; sourceTree = "<group>"; };
		2D1154B024100FC500499AEB /* SceneDelegate.swift */ = {isa = PBXFileReference; lastKnownFileType = sourcecode.swift; path = SceneDelegate.swift; sourceTree = "<group>"; };
		2D1154B224100FC500499AEB /* ViewController.swift */ = {isa = PBXFileReference; lastKnownFileType = sourcecode.swift; path = ViewController.swift; sourceTree = "<group>"; };
		2D1154B524100FC500499AEB /* Base */ = {isa = PBXFileReference; lastKnownFileType = file.storyboard; name = Base; path = Base.lproj/Main.storyboard; sourceTree = "<group>"; };
		2D1154B824100FC500499AEB /* Project.xcdatamodel */ = {isa = PBXFileReference; lastKnownFileType = wrapper.xcdatamodel; path = Project.xcdatamodel; sourceTree = "<group>"; };
		2D1154BA24100FC600499AEB /* Assets.xcassets */ = {isa = PBXFileReference; lastKnownFileType = folder.assetcatalog; path = Assets.xcassets; sourceTree = "<group>"; };
		2D1154BD24100FC600499AEB /* Base */ = {isa = PBXFileReference; lastKnownFileType = file.storyboard; name = Base; path = Base.lproj/LaunchScreen.storyboard; sourceTree = "<group>"; };
		2D1154BF24100FC600499AEB /* Info.plist */ = {isa = PBXFileReference; lastKnownFileType = text.plist.xml; path = Info.plist; sourceTree = "<group>"; };
		2D1154C62410106200499AEB /* GeneralService.swift */ = {isa = PBXFileReference; fileEncoding = 4; lastKnownFileType = sourcecode.swift; path = GeneralService.swift; sourceTree = "<group>"; };
		2D1154C82410106200499AEB /* UIView+extension.swift */ = {isa = PBXFileReference; fileEncoding = 4; lastKnownFileType = sourcecode.swift; path = "UIView+extension.swift"; sourceTree = "<group>"; };
		2D1154C92410106200499AEB /* ArcView.swift */ = {isa = PBXFileReference; fileEncoding = 4; lastKnownFileType = sourcecode.swift; path = ArcView.swift; sourceTree = "<group>"; };
		2D1154CA2410106200499AEB /* UIColor+hexadecimal.swift */ = {isa = PBXFileReference; fileEncoding = 4; lastKnownFileType = sourcecode.swift; path = "UIColor+hexadecimal.swift"; sourceTree = "<group>"; };
		2D1154CB2410106200499AEB /* UITextView+Attributes.swift */ = {isa = PBXFileReference; fileEncoding = 4; lastKnownFileType = sourcecode.swift; path = "UITextView+Attributes.swift"; sourceTree = "<group>"; };
		2D1154CE2410106200499AEB /* HiddenBarViewController.swift */ = {isa = PBXFileReference; fileEncoding = 4; lastKnownFileType = sourcecode.swift; path = HiddenBarViewController.swift; sourceTree = "<group>"; };
		2D1154D02410106200499AEB /* Config.swift */ = {isa = PBXFileReference; fileEncoding = 4; lastKnownFileType = sourcecode.swift; path = Config.swift; sourceTree = "<group>"; };
		2D1154D52410106200499AEB /* HomeViewController.swift */ = {isa = PBXFileReference; fileEncoding = 4; lastKnownFileType = sourcecode.swift; path = HomeViewController.swift; sourceTree = "<group>"; };
		2D1154D62410106200499AEB /* ParckCollectionViewCell.swift */ = {isa = PBXFileReference; fileEncoding = 4; lastKnownFileType = sourcecode.swift; path = ParckCollectionViewCell.swift; sourceTree = "<group>"; };
		2D1154D72410106200499AEB /* ParckCollectionViewCell.xib */ = {isa = PBXFileReference; fileEncoding = 4; lastKnownFileType = file.xib; path = ParckCollectionViewCell.xib; sourceTree = "<group>"; };
		2D1154DA2410106200499AEB /* DetailViewController.swift */ = {isa = PBXFileReference; fileEncoding = 4; lastKnownFileType = sourcecode.swift; path = DetailViewController.swift; sourceTree = "<group>"; };
		2D1154DC2410106200499AEB /* AboutParkViewController.swift */ = {isa = PBXFileReference; fileEncoding = 4; lastKnownFileType = sourcecode.swift; path = AboutParkViewController.swift; sourceTree = "<group>"; };
		2D1154DE2410106200499AEB /* AboutParkViewController+Constraints.swift */ = {isa = PBXFileReference; fileEncoding = 4; lastKnownFileType = sourcecode.swift; path = "AboutParkViewController+Constraints.swift"; sourceTree = "<group>"; };
		2D1154DF2410106200499AEB /* DetailViewController+Constraints.swift */ = {isa = PBXFileReference; fileEncoding = 4; lastKnownFileType = sourcecode.swift; path = "DetailViewController+Constraints.swift"; sourceTree = "<group>"; };
		2D1154E12410106200499AEB /* LikesViewController.swift */ = {isa = PBXFileReference; fileEncoding = 4; lastKnownFileType = sourcecode.swift; path = LikesViewController.swift; sourceTree = "<group>"; };
		2D1154E72410106200499AEB /* SearchViewController.swift */ = {isa = PBXFileReference; fileEncoding = 4; lastKnownFileType = sourcecode.swift; path = SearchViewController.swift; sourceTree = "<group>"; };
		2D1154E92410106200499AEB /* ProfileViewController.swift */ = {isa = PBXFileReference; fileEncoding = 4; lastKnownFileType = sourcecode.swift; path = ProfileViewController.swift; sourceTree = "<group>"; };
		2D1154EB2410106200499AEB /* CategoryModel.swift */ = {isa = PBXFileReference; fileEncoding = 4; lastKnownFileType = sourcecode.swift; path = CategoryModel.swift; sourceTree = "<group>"; };
		2D1154EC2410106200499AEB /* ParkModel.swift */ = {isa = PBXFileReference; fileEncoding = 4; lastKnownFileType = sourcecode.swift; path = ParkModel.swift; sourceTree = "<group>"; };
		2D1154ED2410106200499AEB /* ActivityModel.swift */ = {isa = PBXFileReference; fileEncoding = 4; lastKnownFileType = sourcecode.swift; path = ActivityModel.swift; sourceTree = "<group>"; };
		2DFA87C524101CB800200D05 /* Button.swift */ = {isa = PBXFileReference; lastKnownFileType = sourcecode.swift; path = Button.swift; sourceTree = "<group>"; };
		2DFA87CB241032A300200D05 /* GenericRoundCollectionView.swift */ = {isa = PBXFileReference; fileEncoding = 4; lastKnownFileType = sourcecode.swift; path = GenericRoundCollectionView.swift; sourceTree = "<group>"; };
		2DFA87CC241032A300200D05 /* GenericRoundCollectionView.xib */ = {isa = PBXFileReference; fileEncoding = 4; lastKnownFileType = file.xib; path = GenericRoundCollectionView.xib; sourceTree = "<group>"; };
		2DFA87CF2410357B00200D05 /* GenericCollectionViewCell.xib */ = {isa = PBXFileReference; fileEncoding = 4; lastKnownFileType = file.xib; path = GenericCollectionViewCell.xib; sourceTree = "<group>"; };
		2DFA87D02410357B00200D05 /* GenericCollectionViewCell.swift */ = {isa = PBXFileReference; fileEncoding = 4; lastKnownFileType = sourcecode.swift; path = GenericCollectionViewCell.swift; sourceTree = "<group>"; };
		2DFA87D3241036EE00200D05 /* GenericScrollViewController.swift */ = {isa = PBXFileReference; fileEncoding = 4; lastKnownFileType = sourcecode.swift; path = GenericScrollViewController.swift; sourceTree = "<group>"; };
		2DFA87D72410393E00200D05 /* SemiOvalGenericCollectionViewCell.xib */ = {isa = PBXFileReference; fileEncoding = 4; lastKnownFileType = file.xib; path = SemiOvalGenericCollectionViewCell.xib; sourceTree = "<group>"; };
		2DFA87D82410393E00200D05 /* SemiOvalGenericCollectionView.swift */ = {isa = PBXFileReference; fileEncoding = 4; lastKnownFileType = sourcecode.swift; path = SemiOvalGenericCollectionView.swift; sourceTree = "<group>"; };
		2DFA87D92410393E00200D05 /* SemiOvalGenericCollectionView.xib */ = {isa = PBXFileReference; fileEncoding = 4; lastKnownFileType = file.xib; path = SemiOvalGenericCollectionView.xib; sourceTree = "<group>"; };
		2DFA87DA2410393E00200D05 /* SemiOvalGenericCollectionViewCell.swift */ = {isa = PBXFileReference; fileEncoding = 4; lastKnownFileType = sourcecode.swift; path = SemiOvalGenericCollectionViewCell.swift; sourceTree = "<group>"; };
		82F36F1C2AED52F07403897A /* Pods-Project.debug.xcconfig */ = {isa = PBXFileReference; includeInIndex = 1; lastKnownFileType = text.xcconfig; name = "Pods-Project.debug.xcconfig"; path = "Target Support Files/Pods-Project/Pods-Project.debug.xcconfig"; sourceTree = "<group>"; };
		90B0BCB2751B1FA2F9933355 /* Pods-Project.release.xcconfig */ = {isa = PBXFileReference; includeInIndex = 1; lastKnownFileType = text.xcconfig; name = "Pods-Project.release.xcconfig"; path = "Target Support Files/Pods-Project/Pods-Project.release.xcconfig"; sourceTree = "<group>"; };
		9948FFE5FE91A8A1DE6C0BD1 /* Pods_Project.framework */ = {isa = PBXFileReference; explicitFileType = wrapper.framework; includeInIndex = 0; path = Pods_Project.framework; sourceTree = BUILT_PRODUCTS_DIR; };
/* End PBXFileReference section */

/* Begin PBXFrameworksBuildPhase section */
		2D1154A824100FC500499AEB /* Frameworks */ = {
			isa = PBXFrameworksBuildPhase;
			buildActionMask = 2147483647;
			files = (
				388032EA62A1B2461C5B6448 /* Pods_Project.framework in Frameworks */,
			);
			runOnlyForDeploymentPostprocessing = 0;
		};
/* End PBXFrameworksBuildPhase section */

/* Begin PBXGroup section */
		0AA9F57503703AF83ECF69E0 /* Pods */ = {
			isa = PBXGroup;
			children = (
				82F36F1C2AED52F07403897A /* Pods-Project.debug.xcconfig */,
				90B0BCB2751B1FA2F9933355 /* Pods-Project.release.xcconfig */,
			);
			path = Pods;
			sourceTree = "<group>";
		};
		2D1154A224100FC500499AEB = {
			isa = PBXGroup;
			children = (
				2D1154AD24100FC500499AEB /* Project */,
				2D1154AC24100FC500499AEB /* Products */,
				0AA9F57503703AF83ECF69E0 /* Pods */,
				6339CEA4D702B274F2FA34DF /* Frameworks */,
			);
			sourceTree = "<group>";
		};
		2D1154AC24100FC500499AEB /* Products */ = {
			isa = PBXGroup;
			children = (
				2D1154AB24100FC500499AEB /* Project.app */,
			);
			name = Products;
			sourceTree = "<group>";
		};
		2D1154AD24100FC500499AEB /* Project */ = {
			isa = PBXGroup;
			children = (
				2D1154CF2410106200499AEB /* Config */,
				2D1154C72410106200499AEB /* Extensions */,
				2D1154CC2410106200499AEB /* GenericViews */,
				2D1154EA2410106200499AEB /* Models */,
				2D1154C52410106200499AEB /* Services */,
				2D1154D12410106200499AEB /* Views */,
				2D1154AE24100FC500499AEB /* AppDelegate.swift */,
				2D1154B024100FC500499AEB /* SceneDelegate.swift */,
				2D1154B224100FC500499AEB /* ViewController.swift */,
				2D1154B424100FC500499AEB /* Main.storyboard */,
				2D1154BA24100FC600499AEB /* Assets.xcassets */,
				2D1154BC24100FC600499AEB /* LaunchScreen.storyboard */,
				2D1154BF24100FC600499AEB /* Info.plist */,
				2D1154B724100FC500499AEB /* Project.xcdatamodeld */,
			);
			path = Project;
			sourceTree = "<group>";
		};
		2D1154C52410106200499AEB /* Services */ = {
			isa = PBXGroup;
			children = (
				2D1154C62410106200499AEB /* GeneralService.swift */,
			);
			path = Services;
			sourceTree = "<group>";
		};
		2D1154C72410106200499AEB /* Extensions */ = {
			isa = PBXGroup;
			children = (
				2D1154C82410106200499AEB /* UIView+extension.swift */,
				2D1154C92410106200499AEB /* ArcView.swift */,
				2D1154CA2410106200499AEB /* UIColor+hexadecimal.swift */,
				2D1154CB2410106200499AEB /* UITextView+Attributes.swift */,
			);
			path = Extensions;
			sourceTree = "<group>";
		};
		2D1154CC2410106200499AEB /* GenericViews */ = {
			isa = PBXGroup;
			children = (
				2DFA87D52410389700200D05 /* RoundCollection */,
				2DFA87D6241038EB00200D05 /* SemiOval Collection */,
				2DFA87D3241036EE00200D05 /* GenericScrollViewController.swift */,
				2D1154CE2410106200499AEB /* HiddenBarViewController.swift */,
				2DFA87C524101CB800200D05 /* Button.swift */,
			);
			path = GenericViews;
			sourceTree = "<group>";
		};
		2D1154CF2410106200499AEB /* Config */ = {
			isa = PBXGroup;
			children = (
				2D1154D02410106200499AEB /* Config.swift */,
			);
			path = Config;
			sourceTree = "<group>";
		};
		2D1154D12410106200499AEB /* Views */ = {
			isa = PBXGroup;
			children = (
				2D1154D22410106200499AEB /* Home */,
				2D1154E02410106200499AEB /* Likes */,
				2D1154E62410106200499AEB /* Search */,
				2D1154E82410106200499AEB /* Profile */,
			);
			path = Views;
			sourceTree = "<group>";
		};
		2D1154D22410106200499AEB /* Home */ = {
			isa = PBXGroup;
			children = (
				2DFA87C424101BBD00200D05 /* Detail Activity */,
				2D1154D92410106200499AEB /* Detail Park */,
				2D1154D52410106200499AEB /* HomeViewController.swift */,
				2D1154D62410106200499AEB /* ParckCollectionViewCell.swift */,
				2D1154D72410106200499AEB /* ParckCollectionViewCell.xib */,
			);
			path = Home;
			sourceTree = "<group>";
		};
		2D1154D92410106200499AEB /* Detail Park */ = {
			isa = PBXGroup;
			children = (
				2D1154DB2410106200499AEB /* About */,
				2D1154DA2410106200499AEB /* DetailViewController.swift */,
				2D1154DF2410106200499AEB /* DetailViewController+Constraints.swift */,
			);
			path = "Detail Park";
			sourceTree = "<group>";
		};
		2D1154DB2410106200499AEB /* About */ = {
			isa = PBXGroup;
			children = (
				2D1154DC2410106200499AEB /* AboutParkViewController.swift */,
				2D1154DE2410106200499AEB /* AboutParkViewController+Constraints.swift */,
			);
			path = About;
			sourceTree = "<group>";
		};
		2D1154E02410106200499AEB /* Likes */ = {
			isa = PBXGroup;
			children = (
				2D1154E12410106200499AEB /* LikesViewController.swift */,
			);
			path = Likes;
			sourceTree = "<group>";
		};
		2D1154E62410106200499AEB /* Search */ = {
			isa = PBXGroup;
			children = (
				2D1154E72410106200499AEB /* SearchViewController.swift */,
			);
			path = Search;
			sourceTree = "<group>";
		};
		2D1154E82410106200499AEB /* Profile */ = {
			isa = PBXGroup;
			children = (
				2D1154E92410106200499AEB /* ProfileViewController.swift */,
			);
			path = Profile;
			sourceTree = "<group>";
		};
		2D1154EA2410106200499AEB /* Models */ = {
			isa = PBXGroup;
			children = (
				2D1154EB2410106200499AEB /* CategoryModel.swift */,
				2D1154EC2410106200499AEB /* ParkModel.swift */,
				2D1154ED2410106200499AEB /* ActivityModel.swift */,
			);
			path = Models;
			sourceTree = "<group>";
		};
		2DFA87C424101BBD00200D05 /* Detail Activity */ = {
			isa = PBXGroup;
			children = (
			);
			path = "Detail Activity";
			sourceTree = "<group>";
		};
		2DFA87D52410389700200D05 /* RoundCollection */ = {
			isa = PBXGroup;
			children = (
				2DFA87CB241032A300200D05 /* GenericRoundCollectionView.swift */,
				2DFA87CC241032A300200D05 /* GenericRoundCollectionView.xib */,
				2DFA87D02410357B00200D05 /* GenericCollectionViewCell.swift */,
				2DFA87CF2410357B00200D05 /* GenericCollectionViewCell.xib */,
			);
			path = RoundCollection;
			sourceTree = "<group>";
		};
		2DFA87D6241038EB00200D05 /* SemiOval Collection */ = {
			isa = PBXGroup;
			children = (
				2DFA87D82410393E00200D05 /* SemiOvalGenericCollectionView.swift */,
				2DFA87D92410393E00200D05 /* SemiOvalGenericCollectionView.xib */,
				2DFA87DA2410393E00200D05 /* SemiOvalGenericCollectionViewCell.swift */,
				2DFA87D72410393E00200D05 /* SemiOvalGenericCollectionViewCell.xib */,
			);
			path = "SemiOval Collection";
			sourceTree = "<group>";
		};
		6339CEA4D702B274F2FA34DF /* Frameworks */ = {
			isa = PBXGroup;
			children = (
				9948FFE5FE91A8A1DE6C0BD1 /* Pods_Project.framework */,
			);
			name = Frameworks;
			sourceTree = "<group>";
		};
/* End PBXGroup section */

/* Begin PBXNativeTarget section */
		2D1154AA24100FC500499AEB /* Project */ = {
			isa = PBXNativeTarget;
			buildConfigurationList = 2D1154C224100FC600499AEB /* Build configuration list for PBXNativeTarget "Project" */;
			buildPhases = (
				ABEE8DFAD52FB847FF158887 /* [CP] Check Pods Manifest.lock */,
				2D1154A724100FC500499AEB /* Sources */,
				2D1154A824100FC500499AEB /* Frameworks */,
				2D1154A924100FC500499AEB /* Resources */,
				58392AD998F15F8A2F018038 /* [CP] Embed Pods Frameworks */,
				C90A20BE4A58F2D0D87F9FB9 /* [CP] Copy Pods Resources */,
			);
			buildRules = (
			);
			dependencies = (
			);
			name = Project;
			productName = Project;
			productReference = 2D1154AB24100FC500499AEB /* Project.app */;
			productType = "com.apple.product-type.application";
		};
/* End PBXNativeTarget section */

/* Begin PBXProject section */
		2D1154A324100FC500499AEB /* Project object */ = {
			isa = PBXProject;
			attributes = {
				LastSwiftUpdateCheck = 1130;
				LastUpgradeCheck = 1130;
				ORGANIZATIONNAME = Movil;
				TargetAttributes = {
					2D1154AA24100FC500499AEB = {
						CreatedOnToolsVersion = 11.3;
					};
				};
			};
			buildConfigurationList = 2D1154A624100FC500499AEB /* Build configuration list for PBXProject "Project" */;
			compatibilityVersion = "Xcode 9.3";
			developmentRegion = en;
			hasScannedForEncodings = 0;
			knownRegions = (
				en,
				Base,
			);
			mainGroup = 2D1154A224100FC500499AEB;
			productRefGroup = 2D1154AC24100FC500499AEB /* Products */;
			projectDirPath = "";
			projectRoot = "";
			targets = (
				2D1154AA24100FC500499AEB /* Project */,
			);
		};
/* End PBXProject section */

/* Begin PBXResourcesBuildPhase section */
		2D1154A924100FC500499AEB /* Resources */ = {
			isa = PBXResourcesBuildPhase;
			buildActionMask = 2147483647;
			files = (
				2D1154F82410106200499AEB /* ParckCollectionViewCell.xib in Resources */,
				2DFA87DB2410393F00200D05 /* SemiOvalGenericCollectionViewCell.xib in Resources */,
				2DFA87DD2410393F00200D05 /* SemiOvalGenericCollectionView.xib in Resources */,
				2D1154BE24100FC600499AEB /* LaunchScreen.storyboard in Resources */,
				2D1154BB24100FC600499AEB /* Assets.xcassets in Resources */,
				2DFA87CE241032A300200D05 /* GenericRoundCollectionView.xib in Resources */,
				2DFA87D12410357B00200D05 /* GenericCollectionViewCell.xib in Resources */,
				2D1154B624100FC500499AEB /* Main.storyboard in Resources */,
			);
			runOnlyForDeploymentPostprocessing = 0;
		};
/* End PBXResourcesBuildPhase section */

/* Begin PBXShellScriptBuildPhase section */
		58392AD998F15F8A2F018038 /* [CP] Embed Pods Frameworks */ = {
			isa = PBXShellScriptBuildPhase;
			buildActionMask = 2147483647;
			files = (
			);
			inputFileListPaths = (
				"${PODS_ROOT}/Target Support Files/Pods-Project/Pods-Project-frameworks-${CONFIGURATION}-input-files.xcfilelist",
			);
			name = "[CP] Embed Pods Frameworks";
			outputFileListPaths = (
				"${PODS_ROOT}/Target Support Files/Pods-Project/Pods-Project-frameworks-${CONFIGURATION}-output-files.xcfilelist",
			);
			runOnlyForDeploymentPostprocessing = 0;
			shellPath = /bin/sh;
			shellScript = "\"${PODS_ROOT}/Target Support Files/Pods-Project/Pods-Project-frameworks.sh\"\n";
			showEnvVarsInLog = 0;
		};
		ABEE8DFAD52FB847FF158887 /* [CP] Check Pods Manifest.lock */ = {
			isa = PBXShellScriptBuildPhase;
			buildActionMask = 2147483647;
			files = (
			);
			inputFileListPaths = (
			);
			inputPaths = (
				"${PODS_PODFILE_DIR_PATH}/Podfile.lock",
				"${PODS_ROOT}/Manifest.lock",
			);
			name = "[CP] Check Pods Manifest.lock";
			outputFileListPaths = (
			);
			outputPaths = (
				"$(DERIVED_FILE_DIR)/Pods-Project-checkManifestLockResult.txt",
			);
			runOnlyForDeploymentPostprocessing = 0;
			shellPath = /bin/sh;
			shellScript = "diff \"${PODS_PODFILE_DIR_PATH}/Podfile.lock\" \"${PODS_ROOT}/Manifest.lock\" > /dev/null\nif [ $? != 0 ] ; then\n    # print error to STDERR\n    echo \"error: The sandbox is not in sync with the Podfile.lock. Run 'pod install' or update your CocoaPods installation.\" >&2\n    exit 1\nfi\n# This output is used by Xcode 'outputs' to avoid re-running this script phase.\necho \"SUCCESS\" > \"${SCRIPT_OUTPUT_FILE_0}\"\n";
			showEnvVarsInLog = 0;
		};
		C90A20BE4A58F2D0D87F9FB9 /* [CP] Copy Pods Resources */ = {
			isa = PBXShellScriptBuildPhase;
			buildActionMask = 2147483647;
			files = (
			);
			inputFileListPaths = (
				"${PODS_ROOT}/Target Support Files/Pods-Project/Pods-Project-resources-${CONFIGURATION}-input-files.xcfilelist",
			);
			name = "[CP] Copy Pods Resources";
			outputFileListPaths = (
				"${PODS_ROOT}/Target Support Files/Pods-Project/Pods-Project-resources-${CONFIGURATION}-output-files.xcfilelist",
			);
			runOnlyForDeploymentPostprocessing = 0;
			shellPath = /bin/sh;
			shellScript = "\"${PODS_ROOT}/Target Support Files/Pods-Project/Pods-Project-resources.sh\"\n";
			showEnvVarsInLog = 0;
		};
/* End PBXShellScriptBuildPhase section */

/* Begin PBXSourcesBuildPhase section */
		2D1154A724100FC500499AEB /* Sources */ = {
			isa = PBXSourcesBuildPhase;
			buildActionMask = 2147483647;
			files = (
				2D1154FB2410106200499AEB /* AboutParkViewController.swift in Sources */,
				2D1155042410106200499AEB /* ParkModel.swift in Sources */,
				2DFA87D22410357B00200D05 /* GenericCollectionViewCell.swift in Sources */,
				2DFA87DE2410393F00200D05 /* SemiOvalGenericCollectionViewCell.swift in Sources */,
				2D1154EF2410106200499AEB /* UIView+extension.swift in Sources */,
				2D1154F12410106200499AEB /* UIColor+hexadecimal.swift in Sources */,
				2D1154F72410106200499AEB /* ParckCollectionViewCell.swift in Sources */,
				2D1154B324100FC500499AEB /* ViewController.swift in Sources */,
				2D1154AF24100FC500499AEB /* AppDelegate.swift in Sources */,
				2D1155032410106200499AEB /* CategoryModel.swift in Sources */,
				2D1155022410106200499AEB /* ProfileViewController.swift in Sources */,
				2D1154B124100FC500499AEB /* SceneDelegate.swift in Sources */,
				2D1155052410106200499AEB /* ActivityModel.swift in Sources */,
				2DFA87CD241032A300200D05 /* GenericRoundCollectionView.swift in Sources */,
				2D1154F52410106200499AEB /* Config.swift in Sources */,
				2D1154F22410106200499AEB /* UITextView+Attributes.swift in Sources */,
				2D1154EE2410106200499AEB /* GeneralService.swift in Sources */,
				2D1154F02410106200499AEB /* ArcView.swift in Sources */,
				2DFA87C624101CB800200D05 /* Button.swift in Sources */,
				2D1154B924100FC500499AEB /* Project.xcdatamodeld in Sources */,
				2D1154FD2410106200499AEB /* AboutParkViewController+Constraints.swift in Sources */,
				2DFA87D4241036EF00200D05 /* GenericScrollViewController.swift in Sources */,
				2D1154FF2410106200499AEB /* LikesViewController.swift in Sources */,
				2D1155012410106200499AEB /* SearchViewController.swift in Sources */,
				2D1154FA2410106200499AEB /* DetailViewController.swift in Sources */,
				2D1154F62410106200499AEB /* HomeViewController.swift in Sources */,
				2D1154FE2410106200499AEB /* DetailViewController+Constraints.swift in Sources */,
				2DFA87DC2410393F00200D05 /* SemiOvalGenericCollectionView.swift in Sources */,
				2D1154F42410106200499AEB /* HiddenBarViewController.swift in Sources */,
			);
			runOnlyForDeploymentPostprocessing = 0;
		};
/* End PBXSourcesBuildPhase section */

/* Begin PBXVariantGroup section */
		2D1154B424100FC500499AEB /* Main.storyboard */ = {
			isa = PBXVariantGroup;
			children = (
				2D1154B524100FC500499AEB /* Base */,
			);
			name = Main.storyboard;
			sourceTree = "<group>";
		};
		2D1154BC24100FC600499AEB /* LaunchScreen.storyboard */ = {
			isa = PBXVariantGroup;
			children = (
				2D1154BD24100FC600499AEB /* Base */,
			);
			name = LaunchScreen.storyboard;
			sourceTree = "<group>";
		};
/* End PBXVariantGroup section */

/* Begin XCBuildConfiguration section */
		2D1154C024100FC600499AEB /* Debug */ = {
			isa = XCBuildConfiguration;
			buildSettings = {
				ALWAYS_SEARCH_USER_PATHS = NO;
				CLANG_ANALYZER_NONNULL = YES;
				CLANG_ANALYZER_NUMBER_OBJECT_CONVERSION = YES_AGGRESSIVE;
				CLANG_CXX_LANGUAGE_STANDARD = "gnu++14";
				CLANG_CXX_LIBRARY = "libc++";
				CLANG_ENABLE_MODULES = YES;
				CLANG_ENABLE_OBJC_ARC = YES;
				CLANG_ENABLE_OBJC_WEAK = YES;
				CLANG_WARN_BLOCK_CAPTURE_AUTORELEASING = YES;
				CLANG_WARN_BOOL_CONVERSION = YES;
				CLANG_WARN_COMMA = YES;
				CLANG_WARN_CONSTANT_CONVERSION = YES;
				CLANG_WARN_DEPRECATED_OBJC_IMPLEMENTATIONS = YES;
				CLANG_WARN_DIRECT_OBJC_ISA_USAGE = YES_ERROR;
				CLANG_WARN_DOCUMENTATION_COMMENTS = YES;
				CLANG_WARN_EMPTY_BODY = YES;
				CLANG_WARN_ENUM_CONVERSION = YES;
				CLANG_WARN_INFINITE_RECURSION = YES;
				CLANG_WARN_INT_CONVERSION = YES;
				CLANG_WARN_NON_LITERAL_NULL_CONVERSION = YES;
				CLANG_WARN_OBJC_IMPLICIT_RETAIN_SELF = YES;
				CLANG_WARN_OBJC_LITERAL_CONVERSION = YES;
				CLANG_WARN_OBJC_ROOT_CLASS = YES_ERROR;
				CLANG_WARN_RANGE_LOOP_ANALYSIS = YES;
				CLANG_WARN_STRICT_PROTOTYPES = YES;
				CLANG_WARN_SUSPICIOUS_MOVE = YES;
				CLANG_WARN_UNGUARDED_AVAILABILITY = YES_AGGRESSIVE;
				CLANG_WARN_UNREACHABLE_CODE = YES;
				CLANG_WARN__DUPLICATE_METHOD_MATCH = YES;
				COPY_PHASE_STRIP = NO;
				DEBUG_INFORMATION_FORMAT = dwarf;
				ENABLE_STRICT_OBJC_MSGSEND = YES;
				ENABLE_TESTABILITY = YES;
				GCC_C_LANGUAGE_STANDARD = gnu11;
				GCC_DYNAMIC_NO_PIC = NO;
				GCC_NO_COMMON_BLOCKS = YES;
				GCC_OPTIMIZATION_LEVEL = 0;
				GCC_PREPROCESSOR_DEFINITIONS = (
					"DEBUG=1",
					"$(inherited)",
				);
				GCC_WARN_64_TO_32_BIT_CONVERSION = YES;
				GCC_WARN_ABOUT_RETURN_TYPE = YES_ERROR;
				GCC_WARN_UNDECLARED_SELECTOR = YES;
				GCC_WARN_UNINITIALIZED_AUTOS = YES_AGGRESSIVE;
				GCC_WARN_UNUSED_FUNCTION = YES;
				GCC_WARN_UNUSED_VARIABLE = YES;
				IPHONEOS_DEPLOYMENT_TARGET = 13.2;
				MTL_ENABLE_DEBUG_INFO = INCLUDE_SOURCE;
				MTL_FAST_MATH = YES;
				ONLY_ACTIVE_ARCH = YES;
				SDKROOT = iphoneos;
				SWIFT_ACTIVE_COMPILATION_CONDITIONS = DEBUG;
				SWIFT_OPTIMIZATION_LEVEL = "-Onone";
			};
			name = Debug;
		};
		2D1154C124100FC600499AEB /* Release */ = {
			isa = XCBuildConfiguration;
			buildSettings = {
				ALWAYS_SEARCH_USER_PATHS = NO;
				CLANG_ANALYZER_NONNULL = YES;
				CLANG_ANALYZER_NUMBER_OBJECT_CONVERSION = YES_AGGRESSIVE;
				CLANG_CXX_LANGUAGE_STANDARD = "gnu++14";
				CLANG_CXX_LIBRARY = "libc++";
				CLANG_ENABLE_MODULES = YES;
				CLANG_ENABLE_OBJC_ARC = YES;
				CLANG_ENABLE_OBJC_WEAK = YES;
				CLANG_WARN_BLOCK_CAPTURE_AUTORELEASING = YES;
				CLANG_WARN_BOOL_CONVERSION = YES;
				CLANG_WARN_COMMA = YES;
				CLANG_WARN_CONSTANT_CONVERSION = YES;
				CLANG_WARN_DEPRECATED_OBJC_IMPLEMENTATIONS = YES;
				CLANG_WARN_DIRECT_OBJC_ISA_USAGE = YES_ERROR;
				CLANG_WARN_DOCUMENTATION_COMMENTS = YES;
				CLANG_WARN_EMPTY_BODY = YES;
				CLANG_WARN_ENUM_CONVERSION = YES;
				CLANG_WARN_INFINITE_RECURSION = YES;
				CLANG_WARN_INT_CONVERSION = YES;
				CLANG_WARN_NON_LITERAL_NULL_CONVERSION = YES;
				CLANG_WARN_OBJC_IMPLICIT_RETAIN_SELF = YES;
				CLANG_WARN_OBJC_LITERAL_CONVERSION = YES;
				CLANG_WARN_OBJC_ROOT_CLASS = YES_ERROR;
				CLANG_WARN_RANGE_LOOP_ANALYSIS = YES;
				CLANG_WARN_STRICT_PROTOTYPES = YES;
				CLANG_WARN_SUSPICIOUS_MOVE = YES;
				CLANG_WARN_UNGUARDED_AVAILABILITY = YES_AGGRESSIVE;
				CLANG_WARN_UNREACHABLE_CODE = YES;
				CLANG_WARN__DUPLICATE_METHOD_MATCH = YES;
				COPY_PHASE_STRIP = NO;
				DEBUG_INFORMATION_FORMAT = "dwarf-with-dsym";
				ENABLE_NS_ASSERTIONS = NO;
				ENABLE_STRICT_OBJC_MSGSEND = YES;
				GCC_C_LANGUAGE_STANDARD = gnu11;
				GCC_NO_COMMON_BLOCKS = YES;
				GCC_WARN_64_TO_32_BIT_CONVERSION = YES;
				GCC_WARN_ABOUT_RETURN_TYPE = YES_ERROR;
				GCC_WARN_UNDECLARED_SELECTOR = YES;
				GCC_WARN_UNINITIALIZED_AUTOS = YES_AGGRESSIVE;
				GCC_WARN_UNUSED_FUNCTION = YES;
				GCC_WARN_UNUSED_VARIABLE = YES;
				IPHONEOS_DEPLOYMENT_TARGET = 13.2;
				MTL_ENABLE_DEBUG_INFO = NO;
				MTL_FAST_MATH = YES;
				SDKROOT = iphoneos;
				SWIFT_COMPILATION_MODE = wholemodule;
				SWIFT_OPTIMIZATION_LEVEL = "-O";
				VALIDATE_PRODUCT = YES;
			};
			name = Release;
		};
		2D1154C324100FC600499AEB /* Debug */ = {
			isa = XCBuildConfiguration;
			baseConfigurationReference = 82F36F1C2AED52F07403897A /* Pods-Project.debug.xcconfig */;
			buildSettings = {
				ASSETCATALOG_COMPILER_APPICON_NAME = AppIcon;
				CODE_SIGN_STYLE = Automatic;
				DEVELOPMENT_TEAM = HBQYAUVCV2;
				INFOPLIST_FILE = Project/Info.plist;
				LD_RUNPATH_SEARCH_PATHS = (
					"$(inherited)",
					"@executable_path/Frameworks",
				);
				PRODUCT_BUNDLE_IDENTIFIER = com.shark.jairo.Xcaret.Project;
				PRODUCT_NAME = "$(TARGET_NAME)";
				SWIFT_VERSION = 5.0;
				TARGETED_DEVICE_FAMILY = "1,2";
			};
			name = Debug;
		};
		2D1154C424100FC600499AEB /* Release */ = {
			isa = XCBuildConfiguration;
			baseConfigurationReference = 90B0BCB2751B1FA2F9933355 /* Pods-Project.release.xcconfig */;
			buildSettings = {
				ASSETCATALOG_COMPILER_APPICON_NAME = AppIcon;
				CODE_SIGN_STYLE = Automatic;
				DEVELOPMENT_TEAM = HBQYAUVCV2;
				INFOPLIST_FILE = Project/Info.plist;
				LD_RUNPATH_SEARCH_PATHS = (
					"$(inherited)",
					"@executable_path/Frameworks",
				);
				PRODUCT_BUNDLE_IDENTIFIER = com.shark.jairo.Xcaret.Project;
				PRODUCT_NAME = "$(TARGET_NAME)";
				SWIFT_VERSION = 5.0;
				TARGETED_DEVICE_FAMILY = "1,2";
			};
			name = Release;
		};
/* End XCBuildConfiguration section */

/* Begin XCConfigurationList section */
		2D1154A624100FC500499AEB /* Build configuration list for PBXProject "Project" */ = {
			isa = XCConfigurationList;
			buildConfigurations = (
				2D1154C024100FC600499AEB /* Debug */,
				2D1154C124100FC600499AEB /* Release */,
			);
			defaultConfigurationIsVisible = 0;
			defaultConfigurationName = Release;
		};
		2D1154C224100FC600499AEB /* Build configuration list for PBXNativeTarget "Project" */ = {
			isa = XCConfigurationList;
			buildConfigurations = (
				2D1154C324100FC600499AEB /* Debug */,
				2D1154C424100FC600499AEB /* Release */,
			);
			defaultConfigurationIsVisible = 0;
			defaultConfigurationName = Release;
		};
/* End XCConfigurationList section */

/* Begin XCVersionGroup section */
		2D1154B724100FC500499AEB /* Project.xcdatamodeld */ = {
			isa = XCVersionGroup;
			children = (
				2D1154B824100FC500499AEB /* Project.xcdatamodel */,
			);
			currentVersion = 2D1154B824100FC500499AEB /* Project.xcdatamodel */;
			path = Project.xcdatamodeld;
			sourceTree = "<group>";
			versionGroupType = wrapper.xcdatamodel;
		};
/* End XCVersionGroup section */
	};
	rootObject = 2D1154A324100FC500499AEB /* Project object */;
}
